
Microsoft Visual Studio Solution File, Format Version 12.00
# Visual Studio Version 16
VisualStudioVersion = 16.0.31025.194
MinimumVisualStudioVersion = 10.0.40219.1
Project("{9092AA53-FB77-4645-B42D-1CCCA6BD08BD}") = "iJkS", "iJkS\iJkS.njsproj", "{0114F7BE-3B2F-4D8D-A608-D2DBEB7912CF}"
EndProject
Global
	GlobalSection(SolutionConfigurationPlatforms) = preSolution
		Debug|Any CPU = Debug|Any CPU
		Release|Any CPU = Release|Any CPU
	EndGlobalSection
	GlobalSection(ProjectConfigurationPlatforms) = postSolution
		{0114F7BE-3B2F-4D8D-A608-D2DBEB7912CF}.Debug|Any CPU.ActiveCfg = Debug|Any CPU
		{0114F7BE-3B2F-4D8D-A608-D2DBEB7912CF}.Debug|Any CPU.Build.0 = Debug|Any CPU
		{0114F7BE-3B2F-4D8D-A608-D2DBEB7912CF}.Release|Any CPU.ActiveCfg = Release|Any CPU
		{0114F7BE-3B2F-4D8D-A608-D2DBEB7912CF}.Release|Any CPU.Build.0 = Release|Any CPU
	EndGlobalSection
	GlobalSection(SolutionProperties) = preSolution
		HideSolutionNode = FALSE
	EndGlobalSection
	GlobalSection(ExtensibilityGlobals) = postSolution
		SolutionGuid = {8D08AD67-229F-4615-8827-7A1F7E661839}
	EndGlobalSection
EndGlobal
